
Microsoft Visual Studio Solution File, Format Version 12.00
# Visual Studio Version 17
VisualStudioVersion = 17.4.33110.190
MinimumVisualStudioVersion = 10.0.40219.1
Project("{FAE04EC0-301F-11D3-BF4B-00C04F79EFBC}") = "OERB", "OERB\OERB.csproj", "{FF6672C0-DC41-4BA6-B6C9-540421CFED93}"
EndProject
Project("{FAE04EC0-301F-11D3-BF4B-00C04F79EFBC}") = "DAL", "DAL\DAL.csproj", "{49E0BD97-C168-479A-A93D-FAB23964FAAE}"
EndProject
Global
	GlobalSection(SolutionConfigurationPlatforms) = preSolution
		Debug|Any CPU = Debug|Any CPU
		Release|Any CPU = Release|Any CPU
	EndGlobalSection
	GlobalSection(ProjectConfigurationPlatforms) = postSolution
		{FF6672C0-DC41-4BA6-B6C9-540421CFED93}.Debug|Any CPU.ActiveCfg = Debug|Any CPU
		{FF6672C0-DC41-4BA6-B6C9-540421CFED93}.Debug|Any CPU.Build.0 = Debug|Any CPU
		{FF6672C0-DC41-4BA6-B6C9-540421CFED93}.Release|Any CPU.ActiveCfg = Release|Any CPU
		{FF6672C0-DC41-4BA6-B6C9-540421CFED93}.Release|Any CPU.Build.0 = Release|Any CPU
		{49E0BD97-C168-479A-A93D-FAB23964FAAE}.Debug|Any CPU.ActiveCfg = Debug|Any CPU
		{49E0BD97-C168-479A-A93D-FAB23964FAAE}.Debug|Any CPU.Build.0 = Debug|Any CPU
		{49E0BD97-C168-479A-A93D-FAB23964FAAE}.Release|Any CPU.ActiveCfg = Release|Any CPU
		{49E0BD97-C168-479A-A93D-FAB23964FAAE}.Release|Any CPU.Build.0 = Release|Any CPU
	EndGlobalSection
	GlobalSection(SolutionProperties) = preSolution
		HideSolutionNode = FALSE
	EndGlobalSection
	GlobalSection(ExtensibilityGlobals) = postSolution
		SolutionGuid = {56772D28-0DC9-4998-BB67-EDB054D41815}
	EndGlobalSection
EndGlobal
